
Microsoft Visual Studio Solution File, Format Version 12.00
# Visual Studio Version 17
VisualStudioVersion = 17.5.33516.290
MinimumVisualStudioVersion = 10.0.40219.1
Project("{FAE04EC0-301F-11D3-BF4B-00C04F79EFBC}") = "Task15_1_4", "Task15_1_4\Task15_1_4.csproj", "{DE31DA47-7E14-4A0C-8488-028FCCA2B0D1}"
EndProject
Global
	GlobalSection(SolutionConfigurationPlatforms) = preSolution
		Debug|Any CPU = Debug|Any CPU
		Release|Any CPU = Release|Any CPU
	EndGlobalSection
	GlobalSection(ProjectConfigurationPlatforms) = postSolution
		{DE31DA47-7E14-4A0C-8488-028FCCA2B0D1}.Debug|Any CPU.ActiveCfg = Debug|Any CPU
		{DE31DA47-7E14-4A0C-8488-028FCCA2B0D1}.Debug|Any CPU.Build.0 = Debug|Any CPU
		{DE31DA47-7E14-4A0C-8488-028FCCA2B0D1}.Release|Any CPU.ActiveCfg = Release|Any CPU
		{DE31DA47-7E14-4A0C-8488-028FCCA2B0D1}.Release|Any CPU.Build.0 = Release|Any CPU
	EndGlobalSection
	GlobalSection(SolutionProperties) = preSolution
		HideSolutionNode = FALSE
	EndGlobalSection
	GlobalSection(ExtensibilityGlobals) = postSolution
		SolutionGuid = {AB58475B-81B0-49C6-BE44-C8E8C6CE0B8F}
	EndGlobalSection
EndGlobal
